// !$*UTF8*$!
{
	archiveVersion = 1;
	classes = {
	};
	objectVersion = 46;
	objects = {

/* Begin PBXBuildFile section */
		96B97FBB17C871B400918311 /* UIKit.framework in Frameworks */ = {isa = PBXBuildFile; fileRef = 96B97FBA17C871B400918311 /* UIKit.framework */; };
		96B97FBD17C871B400918311 /* Foundation.framework in Frameworks */ = {isa = PBXBuildFile; fileRef = 96B97FBC17C871B400918311 /* Foundation.framework */; };
		96B97FBF17C871B400918311 /* CoreGraphics.framework in Frameworks */ = {isa = PBXBuildFile; fileRef = 96B97FBE17C871B400918311 /* CoreGraphics.framework */; };
		96B97FC517C871B400918311 /* InfoPlist.strings in Resources */ = {isa = PBXBuildFile; fileRef = 96B97FC317C871B400918311 /* InfoPlist.strings */; };
		96B97FC717C871B400918311 /* main.m in Sources */ = {isa = PBXBuildFile; fileRef = 96B97FC617C871B400918311 /* main.m */; };
		96B97FCB17C871B400918311 /* GAppDelegate.m in Sources */ = {isa = PBXBuildFile; fileRef = 96B97FCA17C871B400918311 /* GAppDelegate.m */; };
		96B97FCD17C871B400918311 /* Default.png in Resources */ = {isa = PBXBuildFile; fileRef = 96B97FCC17C871B400918311 /* Default.png */; };
		96B97FCF17C871B400918311 /* Default@2x.png in Resources */ = {isa = PBXBuildFile; fileRef = 96B97FCE17C871B400918311 /* Default@2x.png */; };
		96B97FD117C871B400918311 /* Default-568h@2x.png in Resources */ = {isa = PBXBuildFile; fileRef = 96B97FD017C871B400918311 /* Default-568h@2x.png */; };
		96B97FD417C871B400918311 /* GViewController.m in Sources */ = {isa = PBXBuildFile; fileRef = 96B97FD317C871B400918311 /* GViewController.m */; };
		96B97FD717C871B400918311 /* GViewController.xib in Resources */ = {isa = PBXBuildFile; fileRef = 96B97FD517C871B400918311 /* GViewController.xib */; };
/* End PBXBuildFile section */

/* Begin PBXFileReference section */
		96B97FB717C871B400918311 /* ChinesePinyinOnTextFieldLimt.app */ = {isa = PBXFileReference; explicitFileType = wrapper.application; includeInIndex = 0; path = ChinesePinyinOnTextFieldLimt.app; sourceTree = BUILT_PRODUCTS_DIR; };
		96B97FBA17C871B400918311 /* UIKit.framework */ = {isa = PBXFileReference; lastKnownFileType = wrapper.framework; name = UIKit.framework; path = System/Library/Frameworks/UIKit.framework; sourceTree = SDKROOT; };
		96B97FBC17C871B400918311 /* Foundation.framework */ = {isa = PBXFileReference; lastKnownFileType = wrapper.framework; name = Foundation.framework; path = System/Library/Frameworks/Foundation.framework; sourceTree = SDKROOT; };
		96B97FBE17C871B400918311 /* CoreGraphics.framework */ = {isa = PBXFileReference; lastKnownFileType = wrapper.framework; name = CoreGraphics.framework; path = System/Library/Frameworks/CoreGraphics.framework; sourceTree = SDKROOT; };
		96B97FC217C871B400918311 /* ChinesePinyinOnTextFieldLimt-Info.plist */ = {isa = PBXFileReference; lastKnownFileType = text.plist.xml; path = "ChinesePinyinOnTextFieldLimt-Info.plist"; sourceTree = "<group>"; };
		96B97FC417C871B400918311 /* en */ = {isa = PBXFileReference; lastKnownFileType = text.plist.strings; name = en; path = en.lproj/InfoPlist.strings; sourceTree = "<group>"; };
		96B97FC617C871B400918311 /* main.m */ = {isa = PBXFileReference; lastKnownFileType = sourcecode.c.objc; path = main.m; sourceTree = "<group>"; };
		96B97FC817C871B400918311 /* ChinesePinyinOnTextFieldLimt-Prefix.pch */ = {isa = PBXFileReference; lastKnownFileType = sourcecode.c.h; path = "ChinesePinyinOnTextFieldLimt-Prefix.pch"; sourceTree = "<group>"; };
		96B97FC917C871B400918311 /* GAppDelegate.h */ = {isa = PBXFileReference; lastKnownFileType = sourcecode.c.h; path = GAppDelegate.h; sourceTree = "<group>"; };
		96B97FCA17C871B400918311 /* GAppDelegate.m */ = {isa = PBXFileReference; lastKnownFileType = sourcecode.c.objc; path = GAppDelegate.m; sourceTree = "<group>"; };
		96B97FCC17C871B400918311 /* Default.png */ = {isa = PBXFileReference; lastKnownFileType = image.png; path = Default.png; sourceTree = "<group>"; };
		96B97FCE17C871B400918311 /* Default@2x.png */ = {isa = PBXFileReference; lastKnownFileType = image.png; path = "Default@2x.png"; sourceTree = "<group>"; };
		96B97FD017C871B400918311 /* Default-568h@2x.png */ = {isa = PBXFileReference; lastKnownFileType = image.png; path = "Default-568h@2x.png"; sourceTree = "<group>"; };
		96B97FD217C871B400918311 /* GViewController.h */ = {isa = PBXFileReference; lastKnownFileType = sourcecode.c.h; path = GViewController.h; sourceTree = "<group>"; };
		96B97FD317C871B400918311 /* GViewController.m */ = {isa = PBXFileReference; lastKnownFileType = sourcecode.c.objc; path = GViewController.m; sourceTree = "<group>"; };
		96B97FD617C871B400918311 /* en */ = {isa = PBXFileReference; lastKnownFileType = file.xib; name = en; path = en.lproj/GViewController.xib; sourceTree = "<group>"; };
/* End PBXFileReference section */

/* Begin PBXFrameworksBuildPhase section */
		96B97FB417C871B400918311 /* Frameworks */ = {
			isa = PBXFrameworksBuildPhase;
			buildActionMask = 2147483647;
			files = (
				96B97FBB17C871B400918311 /* UIKit.framework in Frameworks */,
				96B97FBD17C871B400918311 /* Foundation.framework in Frameworks */,
				96B97FBF17C871B400918311 /* CoreGraphics.framework in Frameworks */,
			);
			runOnlyForDeploymentPostprocessing = 0;
		};
/* End PBXFrameworksBuildPhase section */

/* Begin PBXGroup section */
		96B97FAE17C871B400918311 = {
			isa = PBXGroup;
			children = (
				96B97FC017C871B400918311 /* ChinesePinyinOnTextFieldLimt */,
				96B97FB917C871B400918311 /* Frameworks */,
				96B97FB817C871B400918311 /* Products */,
			);
			sourceTree = "<group>";
		};
		96B97FB817C871B400918311 /* Products */ = {
			isa = PBXGroup;
			children = (
				96B97FB717C871B400918311 /* ChinesePinyinOnTextFieldLimt.app */,
			);
			name = Products;
			sourceTree = "<group>";
		};
		96B97FB917C871B400918311 /* Frameworks */ = {
			isa = PBXGroup;
			children = (
				96B97FBA17C871B400918311 /* UIKit.framework */,
				96B97FBC17C871B400918311 /* Foundation.framework */,
				96B97FBE17C871B400918311 /* CoreGraphics.framework */,
			);
			name = Frameworks;
			sourceTree = "<group>";
		};
		96B97FC017C871B400918311 /* ChinesePinyinOnTextFieldLimt */ = {
			isa = PBXGroup;
			children = (
				96B97FC917C871B400918311 /* GAppDelegate.h */,
				96B97FCA17C871B400918311 /* GAppDelegate.m */,
				96B97FD217C871B400918311 /* GViewController.h */,
				96B97FD317C871B400918311 /* GViewController.m */,
				96B97FD517C871B400918311 /* GViewController.xib */,
				96B97FC117C871B400918311 /* Supporting Files */,
			);
			path = ChinesePinyinOnTextFieldLimt;
			sourceTree = "<group>";
		};
		96B97FC117C871B400918311 /* Supporting Files */ = {
			isa = PBXGroup;
			children = (
				96B97FC217C871B400918311 /* ChinesePinyinOnTextFieldLimt-Info.plist */,
				96B97FC317C871B400918311 /* InfoPlist.strings */,
				96B97FC617C871B400918311 /* main.m */,
				96B97FC817C871B400918311 /* ChinesePinyinOnTextFieldLimt-Prefix.pch */,
				96B97FCC17C871B400918311 /* Default.png */,
				96B97FCE17C871B400918311 /* Default@2x.png */,
				96B97FD017C871B400918311 /* Default-568h@2x.png */,
			);
			name = "Supporting Files";
			sourceTree = "<group>";
		};
/* End PBXGroup section */

/* Begin PBXNativeTarget section */
		96B97FB617C871B400918311 /* ChinesePinyinOnTextFieldLimt */ = {
			isa = PBXNativeTarget;
			buildConfigurationList = 96B97FDA17C871B400918311 /* Build configuration list for PBXNativeTarget "ChinesePinyinOnTextFieldLimt" */;
			buildPhases = (
				96B97FB317C871B400918311 /* Sources */,
				96B97FB417C871B400918311 /* Frameworks */,
				96B97FB517C871B400918311 /* Resources */,
			);
			buildRules = (
			);
			dependencies = (
			);
			name = ChinesePinyinOnTextFieldLimt;
			productName = ChinesePinyinOnTextFieldLimt;
			productReference = 96B97FB717C871B400918311 /* ChinesePinyinOnTextFieldLimt.app */;
			productType = "com.apple.product-type.application";
		};
/* End PBXNativeTarget section */

/* Begin PBXProject section */
		96B97FAF17C871B400918311 /* Project object */ = {
			isa = PBXProject;
			attributes = {
				CLASSPREFIX = G;
				LastUpgradeCheck = 0460;
				ORGANIZATIONNAME = Onyx;
			};
			buildConfigurationList = 96B97FB217C871B400918311 /* Build configuration list for PBXProject "ChinesePinyinOnTextFieldLimt" */;
			compatibilityVersion = "Xcode 3.2";
			developmentRegion = English;
			hasScannedForEncodings = 0;
			knownRegions = (
				en,
			);
			mainGroup = 96B97FAE17C871B400918311;
			productRefGroup = 96B97FB817C871B400918311 /* Products */;
			projectDirPath = "";
			projectRoot = "";
			targets = (
				96B97FB617C871B400918311 /* ChinesePinyinOnTextFieldLimt */,
			);
		};
/* End PBXProject section */

/* Begin PBXResourcesBuildPhase section */
		96B97FB517C871B400918311 /* Resources */ = {
			isa = PBXResourcesBuildPhase;
			buildActionMask = 2147483647;
			files = (
				96B97FC517C871B400918311 /* InfoPlist.strings in Resources */,
				96B97FCD17C871B400918311 /* Default.png in Resources */,
				96B97FCF17C871B400918311 /* Default@2x.png in Resources */,
				96B97FD117C871B400918311 /* Default-568h@2x.png in Resources */,
				96B97FD717C871B400918311 /* GViewController.xib in Resources */,
			);
			runOnlyForDeploymentPostprocessing = 0;
		};
/* End PBXResourcesBuildPhase section */

/* Begin PBXSourcesBuildPhase section */
		96B97FB317C871B400918311 /* Sources */ = {
			isa = PBXSourcesBuildPhase;
			buildActionMask = 2147483647;
			files = (
				96B97FC717C871B400918311 /* main.m in Sources */,
				96B97FCB17C871B400918311 /* GAppDelegate.m in Sources */,
				96B97FD417C871B400918311 /* GViewController.m in Sources */,
			);
			runOnlyForDeploymentPostprocessing = 0;
		};
/* End PBXSourcesBuildPhase section */

/* Begin PBXVariantGroup section */
		96B97FC317C871B400918311 /* InfoPlist.strings */ = {
			isa = PBXVariantGroup;
			children = (
				96B97FC417C871B400918311 /* en */,
			);
			name = InfoPlist.strings;
			sourceTree = "<group>";
		};
		96B97FD517C871B400918311 /* GViewController.xib */ = {
			isa = PBXVariantGroup;
			children = (
				96B97FD617C871B400918311 /* en */,
			);
			name = GViewController.xib;
			sourceTree = "<group>";
		};
/* End PBXVariantGroup section */

/* Begin XCBuildConfiguration section */
		96B97FD817C871B400918311 /* Debug */ = {
			isa = XCBuildConfiguration;
			buildSettings = {
				ALWAYS_SEARCH_USER_PATHS = NO;
				CLANG_CXX_LANGUAGE_STANDARD = "gnu++0x";
				CLANG_CXX_LIBRARY = "libc++";
				CLANG_ENABLE_OBJC_ARC = YES;
				CLANG_WARN_CONSTANT_CONVERSION = YES;
				CLANG_WARN_EMPTY_BODY = YES;
				CLANG_WARN_ENUM_CONVERSION = YES;
				CLANG_WARN_INT_CONVERSION = YES;
				CLANG_WARN__DUPLICATE_METHOD_MATCH = YES;
				"CODE_SIGN_IDENTITY[sdk=iphoneos*]" = "iPhone Developer";
				COPY_PHASE_STRIP = NO;
				GCC_C_LANGUAGE_STANDARD = gnu99;
				GCC_DYNAMIC_NO_PIC = NO;
				GCC_OPTIMIZATION_LEVEL = 0;
				GCC_PREPROCESSOR_DEFINITIONS = (
					"DEBUG=1",
					"$(inherited)",
				);
				GCC_SYMBOLS_PRIVATE_EXTERN = NO;
				GCC_WARN_ABOUT_RETURN_TYPE = YES;
				GCC_WARN_UNINITIALIZED_AUTOS = YES;
				GCC_WARN_UNUSED_VARIABLE = YES;
				IPHONEOS_DEPLOYMENT_TARGET = 6.1;
				ONLY_ACTIVE_ARCH = YES;
				SDKROOT = iphoneos;
			};
			name = Debug;
		};
		96B97FD917C871B400918311 /* Release */ = {
			isa = XCBuildConfiguration;
			buildSettings = {
				ALWAYS_SEARCH_USER_PATHS = NO;
				CLANG_CXX_LANGUAGE_STANDARD = "gnu++0x";
				CLANG_CXX_LIBRARY = "libc++";
				CLANG_ENABLE_OBJC_ARC = YES;
				CLANG_WARN_CONSTANT_CONVERSION = YES;
				CLANG_WARN_EMPTY_BODY = YES;
				CLANG_WARN_ENUM_CONVERSION = YES;
				CLANG_WARN_INT_CONVERSION = YES;
				CLANG_WARN__DUPLICATE_METHOD_MATCH = YES;
				"CODE_SIGN_IDENTITY[sdk=iphoneos*]" = "iPhone Developer";
				COPY_PHASE_STRIP = YES;
				GCC_C_LANGUAGE_STANDARD = gnu99;
				GCC_WARN_ABOUT_RETURN_TYPE = YES;
				GCC_WARN_UNINITIALIZED_AUTOS = YES;
				GCC_WARN_UNUSED_VARIABLE = YES;
				IPHONEOS_DEPLOYMENT_TARGET = 6.1;
				OTHER_CFLAGS = "-DNS_BLOCK_ASSERTIONS=1";
				SDKROOT = iphoneos;
				VALIDATE_PRODUCT = YES;
			};
			name = Release;
		};
		96B97FDB17C871B400918311 /* Debug */ = {
			isa = XCBuildConfiguration;
			buildSettings = {
				GCC_PRECOMPILE_PREFIX_HEADER = YES;
				GCC_PREFIX_HEADER = "ChinesePinyinOnTextFieldLimt/ChinesePinyinOnTextFieldLimt-Prefix.pch";
				INFOPLIST_FILE = "ChinesePinyinOnTextFieldLimt/ChinesePinyinOnTextFieldLimt-Info.plist";
				PRODUCT_NAME = "$(TARGET_NAME)";
				WRAPPER_EXTENSION = app;
			};
			name = Debug;
		};
		96B97FDC17C871B400918311 /* Release */ = {
			isa = XCBuildConfiguration;
			buildSettings = {
				GCC_PRECOMPILE_PREFIX_HEADER = YES;
				GCC_PREFIX_HEADER = "ChinesePinyinOnTextFieldLimt/ChinesePinyinOnTextFieldLimt-Prefix.pch";
				INFOPLIST_FILE = "ChinesePinyinOnTextFieldLimt/ChinesePinyinOnTextFieldLimt-Info.plist";
				PRODUCT_NAME = "$(TARGET_NAME)";
				WRAPPER_EXTENSION = app;
			};
			name = Release;
		};
/* End XCBuildConfiguration section */

/* Begin XCConfigurationList section */
		96B97FB217C871B400918311 /* Build configuration list for PBXProject "ChinesePinyinOnTextFieldLimt" */ = {
			isa = XCConfigurationList;
			buildConfigurations = (
				96B97FD817C871B400918311 /* Debug */,
				96B97FD917C871B400918311 /* Release */,
			);
			defaultConfigurationIsVisible = 0;
			defaultConfigurationName = Release;
		};
		96B97FDA17C871B400918311 /* Build configuration list for PBXNativeTarget "ChinesePinyinOnTextFieldLimt" */ = {
			isa = XCConfigurationList;
			buildConfigurations = (
				96B97FDB17C871B400918311 /* Debug */,
				96B97FDC17C871B400918311 /* Release */,
			);
			defaultConfigurationIsVisible = 0;
			defaultConfigurationName = Release;
		};
/* End XCConfigurationList section */
	};
	rootObject = 96B97FAF17C871B400918311 /* Project object */;
}
